# This file is generated by running "yarn install" inside your project.
# Manual changes might be lost - proceed with caution!

__metadata:
  version: 8
  cacheKey: 10c0

"jump-space-power-grid-optimizer@workspace:.":
  version: 0.0.0-use.local
  resolution: "jump-space-power-grid-optimizer@workspace:."
  languageName: unknown
  linkType: soft
